// !$*UTF8*$!
{
	archiveVersion = 1;
	classes = {
	};
	objectVersion = 46;
	objects = {

/* Begin PBXBuildFile section */
		03F6E7741F31486200659A92 /* AppDelegate.swift in Sources */ = {isa = PBXBuildFile; fileRef = 03F6E7731F31486200659A92 /* AppDelegate.swift */; };
		03F6E7761F31486200659A92 /* ViewController.swift in Sources */ = {isa = PBXBuildFile; fileRef = 03F6E7751F31486200659A92 /* ViewController.swift */; };
		03F6E7791F31486200659A92 /* Main.storyboard in Resources */ = {isa = PBXBuildFile; fileRef = 03F6E7771F31486200659A92 /* Main.storyboard */; };
		03F6E77B1F31486200659A92 /* Assets.xcassets in Resources */ = {isa = PBXBuildFile; fileRef = 03F6E77A1F31486200659A92 /* Assets.xcassets */; };
		03F6E77E1F31486200659A92 /* LaunchScreen.storyboard in Resources */ = {isa = PBXBuildFile; fileRef = 03F6E77C1F31486200659A92 /* LaunchScreen.storyboard */; };
		CB75AA0CD94D444CD9D09377 /* Pods_Emoji.framework in Frameworks */ = {isa = PBXBuildFile; fileRef = BB2A119F65A9F9703636CD48 /* Pods_Emoji.framework */; };
/* End PBXBuildFile section */

/* Begin PBXFileReference section */
		03F6E7701F31486200659A92 /* Emoji.app */ = {isa = PBXFileReference; explicitFileType = wrapper.application; includeInIndex = 0; path = Emoji.app; sourceTree = BUILT_PRODUCTS_DIR; };
		03F6E7731F31486200659A92 /* AppDelegate.swift */ = {isa = PBXFileReference; lastKnownFileType = sourcecode.swift; path = AppDelegate.swift; sourceTree = "<group>"; };
		03F6E7751F31486200659A92 /* ViewController.swift */ = {isa = PBXFileReference; lastKnownFileType = sourcecode.swift; path = ViewController.swift; sourceTree = "<group>"; };
		03F6E7781F31486200659A92 /* Base */ = {isa = PBXFileReference; lastKnownFileType = file.storyboard; name = Base; path = Base.lproj/Main.storyboard; sourceTree = "<group>"; };
		03F6E77A1F31486200659A92 /* Assets.xcassets */ = {isa = PBXFileReference; lastKnownFileType = folder.assetcatalog; path = Assets.xcassets; sourceTree = "<group>"; };
		03F6E77D1F31486200659A92 /* Base */ = {isa = PBXFileReference; lastKnownFileType = file.storyboard; name = Base; path = Base.lproj/LaunchScreen.storyboard; sourceTree = "<group>"; };
		03F6E77F1F31486200659A92 /* Info.plist */ = {isa = PBXFileReference; lastKnownFileType = text.plist.xml; path = Info.plist; sourceTree = "<group>"; };
		22DBDEC6D3862159FC606D62 /* Pods-Emoji.release.xcconfig */ = {isa = PBXFileReference; includeInIndex = 1; lastKnownFileType = text.xcconfig; name = "Pods-Emoji.release.xcconfig"; path = "Pods/Target Support Files/Pods-Emoji/Pods-Emoji.release.xcconfig"; sourceTree = "<group>"; };
		38BCDCD5035217F6DBF65F46 /* Pods-Emoji.debug.xcconfig */ = {isa = PBXFileReference; includeInIndex = 1; lastKnownFileType = text.xcconfig; name = "Pods-Emoji.debug.xcconfig"; path = "Pods/Target Support Files/Pods-Emoji/Pods-Emoji.debug.xcconfig"; sourceTree = "<group>"; };
		BB2A119F65A9F9703636CD48 /* Pods_Emoji.framework */ = {isa = PBXFileReference; explicitFileType = wrapper.framework; includeInIndex = 0; path = Pods_Emoji.framework; sourceTree = BUILT_PRODUCTS_DIR; };
/* End PBXFileReference section */

/* Begin PBXFrameworksBuildPhase section */
		03F6E76D1F31486200659A92 /* Frameworks */ = {
			isa = PBXFrameworksBuildPhase;
			buildActionMask = 2147483647;
			files = (
				CB75AA0CD94D444CD9D09377 /* Pods_Emoji.framework in Frameworks */,
			);
			runOnlyForDeploymentPostprocessing = 0;
		};
/* End PBXFrameworksBuildPhase section */

/* Begin PBXGroup section */
		03F6E7671F31486200659A92 = {
			isa = PBXGroup;
			children = (
				03F6E7721F31486200659A92 /* Emoji */,
				03F6E7711F31486200659A92 /* Products */,
				B45852586B4A0F9D9C438ADA /* Pods */,
				5702D7C7E09BB36919746AEF /* Frameworks */,
			);
			sourceTree = "<group>";
		};
		03F6E7711F31486200659A92 /* Products */ = {
			isa = PBXGroup;
			children = (
				03F6E7701F31486200659A92 /* Emoji.app */,
			);
			name = Products;
			sourceTree = "<group>";
		};
		03F6E7721F31486200659A92 /* Emoji */ = {
			isa = PBXGroup;
			children = (
				03F6E7731F31486200659A92 /* AppDelegate.swift */,
				03F6E7751F31486200659A92 /* ViewController.swift */,
				03F6E7771F31486200659A92 /* Main.storyboard */,
				03F6E77A1F31486200659A92 /* Assets.xcassets */,
				03F6E77C1F31486200659A92 /* LaunchScreen.storyboard */,
				03F6E77F1F31486200659A92 /* Info.plist */,
			);
			path = Emoji;
			sourceTree = "<group>";
		};
		5702D7C7E09BB36919746AEF /* Frameworks */ = {
			isa = PBXGroup;
			children = (
				BB2A119F65A9F9703636CD48 /* Pods_Emoji.framework */,
			);
			name = Frameworks;
			sourceTree = "<group>";
		};
		B45852586B4A0F9D9C438ADA /* Pods */ = {
			isa = PBXGroup;
			children = (
				38BCDCD5035217F6DBF65F46 /* Pods-Emoji.debug.xcconfig */,
				22DBDEC6D3862159FC606D62 /* Pods-Emoji.release.xcconfig */,
			);
			name = Pods;
			sourceTree = "<group>";
		};
/* End PBXGroup section */

/* Begin PBXNativeTarget section */
		03F6E76F1F31486200659A92 /* Emoji */ = {
			isa = PBXNativeTarget;
			buildConfigurationList = 03F6E7821F31486200659A92 /* Build configuration list for PBXNativeTarget "Emoji" */;
			buildPhases = (
				925347D7CCDAADE5297241FB /* [CP] Check Pods Manifest.lock */,
				03F6E76C1F31486200659A92 /* Sources */,
				03F6E76D1F31486200659A92 /* Frameworks */,
				03F6E76E1F31486200659A92 /* Resources */,
				B6C34E6EB29F8D50979297FE /* [CP] Embed Pods Frameworks */,
				A43D7146B84642AF4CB17478 /* [CP] Copy Pods Resources */,
			);
			buildRules = (
			);
			dependencies = (
			);
			name = Emoji;
			productName = Emoji;
			productReference = 03F6E7701F31486200659A92 /* Emoji.app */;
			productType = "com.apple.product-type.application";
		};
/* End PBXNativeTarget section */

/* Begin PBXProject section */
		03F6E7681F31486200659A92 /* Project object */ = {
			isa = PBXProject;
			attributes = {
				LastSwiftUpdateCheck = 0830;
				LastUpgradeCheck = 0830;
				ORGANIZATIONNAME = "Josh Motley";
				TargetAttributes = {
					03F6E76F1F31486200659A92 = {
						CreatedOnToolsVersion = 8.3.2;
						DevelopmentTeam = 725W534YP7;
						ProvisioningStyle = Automatic;
					};
				};
			};
			buildConfigurationList = 03F6E76B1F31486200659A92 /* Build configuration list for PBXProject "Emoji" */;
			compatibilityVersion = "Xcode 3.2";
			developmentRegion = English;
			hasScannedForEncodings = 0;
			knownRegions = (
				en,
				Base,
			);
			mainGroup = 03F6E7671F31486200659A92;
			productRefGroup = 03F6E7711F31486200659A92 /* Products */;
			projectDirPath = "";
			projectRoot = "";
			targets = (
				03F6E76F1F31486200659A92 /* Emoji */,
			);
		};
/* End PBXProject section */

/* Begin PBXResourcesBuildPhase section */
		03F6E76E1F31486200659A92 /* Resources */ = {
			isa = PBXResourcesBuildPhase;
			buildActionMask = 2147483647;
			files = (
				03F6E77E1F31486200659A92 /* LaunchScreen.storyboard in Resources */,
				03F6E77B1F31486200659A92 /* Assets.xcassets in Resources */,
				03F6E7791F31486200659A92 /* Main.storyboard in Resources */,
			);
			runOnlyForDeploymentPostprocessing = 0;
		};
/* End PBXResourcesBuildPhase section */

/* Begin PBXShellScriptBuildPhase section */
		925347D7CCDAADE5297241FB /* [CP] Check Pods Manifest.lock */ = {
			isa = PBXShellScriptBuildPhase;
			buildActionMask = 2147483647;
			files = (
			);
			inputPaths = (
			);
			name = "[CP] Check Pods Manifest.lock";
			outputPaths = (
			);
			runOnlyForDeploymentPostprocessing = 0;
			shellPath = /bin/sh;
			shellScript = "diff \"${PODS_ROOT}/../Podfile.lock\" \"${PODS_ROOT}/Manifest.lock\" > /dev/null\nif [ $? != 0 ] ; then\n    # print error to STDERR\n    echo \"error: The sandbox is not in sync with the Podfile.lock. Run 'pod install' or update your CocoaPods installation.\" >&2\n    exit 1\nfi\n";
			showEnvVarsInLog = 0;
		};
		A43D7146B84642AF4CB17478 /* [CP] Copy Pods Resources */ = {
			isa = PBXShellScriptBuildPhase;
			buildActionMask = 2147483647;
			files = (
			);
			inputPaths = (
			);
			name = "[CP] Copy Pods Resources";
			outputPaths = (
			);
			runOnlyForDeploymentPostprocessing = 0;
			shellPath = /bin/sh;
			shellScript = "\"${SRCROOT}/Pods/Target Support Files/Pods-Emoji/Pods-Emoji-resources.sh\"\n";
			showEnvVarsInLog = 0;
		};
		B6C34E6EB29F8D50979297FE /* [CP] Embed Pods Frameworks */ = {
			isa = PBXShellScriptBuildPhase;
			buildActionMask = 2147483647;
			files = (
			);
			inputPaths = (
			);
			name = "[CP] Embed Pods Frameworks";
			outputPaths = (
			);
			runOnlyForDeploymentPostprocessing = 0;
			shellPath = /bin/sh;
			shellScript = "\"${SRCROOT}/Pods/Target Support Files/Pods-Emoji/Pods-Emoji-frameworks.sh\"\n";
			showEnvVarsInLog = 0;
		};
/* End PBXShellScriptBuildPhase section */

/* Begin PBXSourcesBuildPhase section */
		03F6E76C1F31486200659A92 /* Sources */ = {
			isa = PBXSourcesBuildPhase;
			buildActionMask = 2147483647;
			files = (
				03F6E7761F31486200659A92 /* ViewController.swift in Sources */,
				03F6E7741F31486200659A92 /* AppDelegate.swift in Sources */,
			);
			runOnlyForDeploymentPostprocessing = 0;
		};
/* End PBXSourcesBuildPhase section */

/* Begin PBXVariantGroup section */
		03F6E7771F31486200659A92 /* Main.storyboard */ = {
			isa = PBXVariantGroup;
			children = (
				03F6E7781F31486200659A92 /* Base */,
			);
			name = Main.storyboard;
			sourceTree = "<group>";
		};
		03F6E77C1F31486200659A92 /* LaunchScreen.storyboard */ = {
			isa = PBXVariantGroup;
			children = (
				03F6E77D1F31486200659A92 /* Base */,
			);
			name = LaunchScreen.storyboard;
			sourceTree = "<group>";
		};
/* End PBXVariantGroup section */

/* Begin XCBuildConfiguration section */
		03F6E7801F31486200659A92 /* Debug */ = {
			isa = XCBuildConfiguration;
			buildSettings = {
				ALWAYS_SEARCH_USER_PATHS = NO;
				CLANG_ANALYZER_NONNULL = YES;
				CLANG_ANALYZER_NUMBER_OBJECT_CONVERSION = YES_AGGRESSIVE;
				CLANG_CXX_LANGUAGE_STANDARD = "gnu++0x";
				CLANG_CXX_LIBRARY = "libc++";
				CLANG_ENABLE_MODULES = YES;
				CLANG_ENABLE_OBJC_ARC = YES;
				CLANG_WARN_BOOL_CONVERSION = YES;
				CLANG_WARN_CONSTANT_CONVERSION = YES;
				CLANG_WARN_DIRECT_OBJC_ISA_USAGE = YES_ERROR;
				CLANG_WARN_DOCUMENTATION_COMMENTS = YES;
				CLANG_WARN_EMPTY_BODY = YES;
				CLANG_WARN_ENUM_CONVERSION = YES;
				CLANG_WARN_INFINITE_RECURSION = YES;
				CLANG_WARN_INT_CONVERSION = YES;
				CLANG_WARN_OBJC_ROOT_CLASS = YES_ERROR;
				CLANG_WARN_SUSPICIOUS_MOVE = YES;
				CLANG_WARN_UNREACHABLE_CODE = YES;
				CLANG_WARN__DUPLICATE_METHOD_MATCH = YES;
				"CODE_SIGN_IDENTITY[sdk=iphoneos*]" = "iPhone Developer";
				COPY_PHASE_STRIP = NO;
				DEBUG_INFORMATION_FORMAT = dwarf;
				ENABLE_STRICT_OBJC_MSGSEND = YES;
				ENABLE_TESTABILITY = YES;
				GCC_C_LANGUAGE_STANDARD = gnu99;
				GCC_DYNAMIC_NO_PIC = NO;
				GCC_NO_COMMON_BLOCKS = YES;
				GCC_OPTIMIZATION_LEVEL = 0;
				GCC_PREPROCESSOR_DEFINITIONS = (
					"DEBUG=1",
					"$(inherited)",
				);
				GCC_WARN_64_TO_32_BIT_CONVERSION = YES;
				GCC_WARN_ABOUT_RETURN_TYPE = YES_ERROR;
				GCC_WARN_UNDECLARED_SELECTOR = YES;
				GCC_WARN_UNINITIALIZED_AUTOS = YES_AGGRESSIVE;
				GCC_WARN_UNUSED_FUNCTION = YES;
				GCC_WARN_UNUSED_VARIABLE = YES;
				IPHONEOS_DEPLOYMENT_TARGET = 10.3;
				MTL_ENABLE_DEBUG_INFO = YES;
				ONLY_ACTIVE_ARCH = YES;
				SDKROOT = iphoneos;
				SWIFT_ACTIVE_COMPILATION_CONDITIONS = DEBUG;
				SWIFT_OPTIMIZATION_LEVEL = "-Onone";
				TARGETED_DEVICE_FAMILY = "1,2";
			};
			name = Debug;
		};
		03F6E7811F31486200659A92 /* Release */ = {
			isa = XCBuildConfiguration;
			buildSettings = {
				ALWAYS_SEARCH_USER_PATHS = NO;
				CLANG_ANALYZER_NONNULL = YES;
				CLANG_ANALYZER_NUMBER_OBJECT_CONVERSION = YES_AGGRESSIVE;
				CLANG_CXX_LANGUAGE_STANDARD = "gnu++0x";
				CLANG_CXX_LIBRARY = "libc++";
				CLANG_ENABLE_MODULES = YES;
				CLANG_ENABLE_OBJC_ARC = YES;
				CLANG_WARN_BOOL_CONVERSION = YES;
				CLANG_WARN_CONSTANT_CONVERSION = YES;
				CLANG_WARN_DIRECT_OBJC_ISA_USAGE = YES_ERROR;
				CLANG_WARN_DOCUMENTATION_COMMENTS = YES;
				CLANG_WARN_EMPTY_BODY = YES;
				CLANG_WARN_ENUM_CONVERSION = YES;
				CLANG_WARN_INFINITE_RECURSION = YES;
				CLANG_WARN_INT_CONVERSION = YES;
				CLANG_WARN_OBJC_ROOT_CLASS = YES_ERROR;
				CLANG_WARN_SUSPICIOUS_MOVE = YES;
				CLANG_WARN_UNREACHABLE_CODE = YES;
				CLANG_WARN__DUPLICATE_METHOD_MATCH = YES;
				"CODE_SIGN_IDENTITY[sdk=iphoneos*]" = "iPhone Developer";
				COPY_PHASE_STRIP = NO;
				DEBUG_INFORMATION_FORMAT = "dwarf-with-dsym";
				ENABLE_NS_ASSERTIONS = NO;
				ENABLE_STRICT_OBJC_MSGSEND = YES;
				GCC_C_LANGUAGE_STANDARD = gnu99;
				GCC_NO_COMMON_BLOCKS = YES;
				GCC_WARN_64_TO_32_BIT_CONVERSION = YES;
				GCC_WARN_ABOUT_RETURN_TYPE = YES_ERROR;
				GCC_WARN_UNDECLARED_SELECTOR = YES;
				GCC_WARN_UNINITIALIZED_AUTOS = YES_AGGRESSIVE;
				GCC_WARN_UNUSED_FUNCTION = YES;
				GCC_WARN_UNUSED_VARIABLE = YES;
				IPHONEOS_DEPLOYMENT_TARGET = 10.3;
				MTL_ENABLE_DEBUG_INFO = NO;
				SDKROOT = iphoneos;
				SWIFT_OPTIMIZATION_LEVEL = "-Owholemodule";
				TARGETED_DEVICE_FAMILY = "1,2";
				VALIDATE_PRODUCT = YES;
			};
			name = Release;
		};
		03F6E7831F31486200659A92 /* Debug */ = {
			isa = XCBuildConfiguration;
			baseConfigurationReference = 38BCDCD5035217F6DBF65F46 /* Pods-Emoji.debug.xcconfig */;
			buildSettings = {
				ASSETCATALOG_COMPILER_APPICON_NAME = AppIcon;
				DEVELOPMENT_TEAM = 725W534YP7;
				INFOPLIST_FILE = Emoji/Info.plist;
				LD_RUNPATH_SEARCH_PATHS = "$(inherited) @executable_path/Frameworks";
				PRODUCT_BUNDLE_IDENTIFIER = Motley.Emoji;
				PRODUCT_NAME = "$(TARGET_NAME)";
				SWIFT_VERSION = 3.0;
			};
			name = Debug;
		};
		03F6E7841F31486200659A92 /* Release */ = {
			isa = XCBuildConfiguration;
			baseConfigurationReference = 22DBDEC6D3862159FC606D62 /* Pods-Emoji.release.xcconfig */;
			buildSettings = {
				ASSETCATALOG_COMPILER_APPICON_NAME = AppIcon;
				DEVELOPMENT_TEAM = 725W534YP7;
				INFOPLIST_FILE = Emoji/Info.plist;
				LD_RUNPATH_SEARCH_PATHS = "$(inherited) @executable_path/Frameworks";
				PRODUCT_BUNDLE_IDENTIFIER = Motley.Emoji;
				PRODUCT_NAME = "$(TARGET_NAME)";
				SWIFT_VERSION = 3.0;
			};
			name = Release;
		};
/* End XCBuildConfiguration section */

/* Begin XCConfigurationList section */
		03F6E76B1F31486200659A92 /* Build configuration list for PBXProject "Emoji" */ = {
			isa = XCConfigurationList;
			buildConfigurations = (
				03F6E7801F31486200659A92 /* Debug */,
				03F6E7811F31486200659A92 /* Release */,
			);
			defaultConfigurationIsVisible = 0;
			defaultConfigurationName = Release;
		};
		03F6E7821F31486200659A92 /* Build configuration list for PBXNativeTarget "Emoji" */ = {
			isa = XCConfigurationList;
			buildConfigurations = (
				03F6E7831F31486200659A92 /* Debug */,
				03F6E7841F31486200659A92 /* Release */,
			);
			defaultConfigurationIsVisible = 0;
			defaultConfigurationName = Release;
		};
/* End XCConfigurationList section */
	};
	rootObject = 03F6E7681F31486200659A92 /* Project object */;
}
